{
    "_readme": [
        "This file locks the dependencies of your project to a known state",
        "Read more about it at https://getcomposer.org/doc/01-basic-usage.md#composer-lock-the-lock-file",
        "This file is @generated automatically"
    ],
    "content-hash": "aa6a5153d972c612abf7d3e39d999e7d",
    "packages": [
        {
            "name": "bower-asset/leaflet-map-zoomToGeometries",
            "version": "dev-no-bower-dependencies",
            "source": {
                "type": "git",
                "url": "https://github.com/GetDKAN/leaflet.map.zoomToGeometries.js.git",
                "reference": "de9bb660bec8864e596fbfa03dcbf84fc51b9bdc"
            },
            "dist": {
                "type": "zip",
                "url": "https://api.github.com/repos/GetDKAN/leaflet.map.zoomToGeometries.js/zipball/de9bb660bec8864e596fbfa03dcbf84fc51b9bdc",
                "reference": "de9bb660bec8864e596fbfa03dcbf84fc51b9bdc",
                "shasum": ""
            },
            "type": "bower-asset-library",
            "extra": {
                "bower-asset-ignore": [
                    "**/.*",
                    "node_modules",
                    "vendor",
                    "test",
                    "tests"
                ]
            },
            "license": [
                "MIT"
            ],
            "time": "2018-03-10T20:46:26+00:00"
        },
        {
            "name": "composer/installers",
            "version": "v1.5.0",
            "source": {
                "type": "git",
                "url": "https://github.com/composer/installers.git",
                "reference": "049797d727261bf27f2690430d935067710049c2"
            },
            "dist": {
                "type": "zip",
                "url": "https://api.github.com/repos/composer/installers/zipball/049797d727261bf27f2690430d935067710049c2",
                "reference": "049797d727261bf27f2690430d935067710049c2",
                "shasum": ""
            },
            "require": {
                "composer-plugin-api": "^1.0"
            },
            "replace": {
                "roundcube/plugin-installer": "*",
                "shama/baton": "*"
            },
            "require-dev": {
                "composer/composer": "1.0.*@dev",
                "phpunit/phpunit": "^4.8.36"
            },
            "type": "composer-plugin",
            "extra": {
                "class": "Composer\\Installers\\Plugin",
                "branch-alias": {
                    "dev-master": "1.0-dev"
                }
            },
            "autoload": {
                "psr-4": {
                    "Composer\\Installers\\": "src/Composer/Installers"
                }
            },
            "notification-url": "https://packagist.org/downloads/",
            "license": [
                "MIT"
            ],
            "authors": [
                {
                    "name": "Kyle Robinson Young",
                    "email": "kyle@dontkry.com",
                    "homepage": "https://github.com/shama"
                }
            ],
            "description": "A multi-framework Composer library installer",
            "homepage": "https://composer.github.io/installers/",
            "keywords": [
                "Craft",
                "Dolibarr",
                "Eliasis",
                "Hurad",
                "ImageCMS",
                "Kanboard",
                "Lan Management System",
                "MODX Evo",
                "Mautic",
                "Maya",
                "OXID",
                "Plentymarkets",
                "Porto",
                "RadPHP",
                "SMF",
                "Thelia",
                "WolfCMS",
                "agl",
                "aimeos",
                "annotatecms",
                "attogram",
                "bitrix",
                "cakephp",
                "chef",
                "cockpit",
                "codeigniter",
                "concrete5",
                "croogo",
                "dokuwiki",
                "drupal",
                "eZ Platform",
                "elgg",
                "expressionengine",
                "fuelphp",
                "grav",
                "installer",
                "itop",
                "joomla",
                "kohana",
                "laravel",
                "lavalite",
                "lithium",
                "magento",
                "majima",
                "mako",
                "mediawiki",
                "modulework",
                "modx",
                "moodle",
                "osclass",
                "phpbb",
                "piwik",
                "ppi",
                "puppet",
                "pxcms",
                "reindex",
                "roundcube",
                "shopware",
                "silverstripe",
                "sydes",
                "symfony",
                "typo3",
                "wordpress",
                "yawik",
                "zend",
                "zikula"
            ],
            "time": "2017-12-29T09:13:20+00:00"
        },
        {
            "name": "drupal/ctools",
            "version": "1.14.0",
            "source": {
                "type": "git",
                "url": "https://git.drupal.org/project/ctools",
                "reference": "7.x-1.14"
            },
            "dist": {
                "type": "zip",
                "url": "https://ftp.drupal.org/files/projects/ctools-7.x-1.14.zip",
                "reference": "7.x-1.14",
                "shasum": "866b4a5eb5f6085e80aff155ec7a2cd476eea117"
            },
            "require": {
                "drupal/drupal": "~7.0"
            },
            "require-dev": {
                "drupal/advanced_help": "*",
                "drupal/page_manager": "*",
                "drupal/panels": "*",
                "drupal/views": "*"
            },
            "type": "drupal-module",
            "extra": {
                "branch-alias": {
                    "dev-1.x": "1.x-dev"
                },
                "drupal": {
                    "version": "7.x-1.14",
                    "datestamp": "1519455784",
                    "security-coverage": {
                        "status": "covered",
                        "message": "Covered by Drupal's security advisory policy"
                    }
                }
            },
            "notification-url": "https://packages.drupal.org/7/downloads",
            "license": [
                "GPL-2.0-or-later"
            ],
            "authors": [
                {
                    "name": "EclipseGc",
                    "homepage": "https://www.drupal.org/user/61203"
                },
                {
                    "name": "damiankloip",
                    "homepage": "https://www.drupal.org/user/1037976"
                },
                {
                    "name": "dawehner",
                    "homepage": "https://www.drupal.org/user/99340"
                },
                {
                    "name": "esmerel",
                    "homepage": "https://www.drupal.org/user/164022"
                },
                {
                    "name": "japerry",
                    "homepage": "https://www.drupal.org/user/45640"
                },
                {
                    "name": "joelpittet",
                    "homepage": "https://www.drupal.org/user/160302"
                },
                {
                    "name": "merlinofchaos",
                    "homepage": "https://www.drupal.org/user/26979"
                },
                {
                    "name": "neclimdul",
                    "homepage": "https://www.drupal.org/user/48673"
                },
                {
                    "name": "sdboyer",
                    "homepage": "https://www.drupal.org/user/146719"
                },
                {
                    "name": "sun",
                    "homepage": "https://www.drupal.org/user/54136"
                },
                {
                    "name": "tim.plunkett",
                    "homepage": "https://www.drupal.org/user/241634"
                }
            ],
            "description": "A library of helpful tools by Merlin of Chaos.",
            "homepage": "https://www.drupal.org/project/ctools",
            "support": {
                "source": "http://cgit.drupalcode.org/ctools"
            }
        },
        {
            "name": "drupal/drupal",
            "version": "7.57.0",
            "source": {
                "type": "git",
                "url": "https://git.drupal.org/project/drupal",
                "reference": "7.57"
            },
            "dist": {
                "type": "zip",
                "url": "https://ftp.drupal.org/files/projects/drupal-7.57.zip",
                "reference": "7.57",
                "shasum": "f2a7071074bd19896ef9ac2ed6fa82eebc32e28d"
            },
            "type": "drupal-core",
            "extra": {
                "branch-alias": {
                    "dev-7.x": "7.x-dev"
                },
                "drupal": {
                    "version": "7.57",
                    "datestamp": "1519237410",
                    "security-coverage": {
                        "status": "covered",
                        "message": "Covered by Drupal's security advisory policy"
                    }
                }
            },
            "notification-url": "https://packages.drupal.org/7/downloads",
            "license": [
                "GPL-2.0-or-later"
            ],
            "authors": [
                {
                    "name": "Cottser",
                    "homepage": "https://www.drupal.org/user/1167326"
                },
                {
                    "name": "David_Rothstein",
                    "homepage": "https://www.drupal.org/user/124982"
                },
                {
                    "name": "Dries",
                    "homepage": "https://www.drupal.org/user/1"
                },
                {
                    "name": "Drupal",
                    "homepage": "https://www.drupal.org/user/3"
                },
                {
                    "name": "Fabianx",
                    "homepage": "https://www.drupal.org/user/693738"
                },
                {
                    "name": "Gábor Hojtsy",
                    "homepage": "https://www.drupal.org/user/4166"
                },
                {
                    "name": "alexpott",
                    "homepage": "https://www.drupal.org/user/157725"
                },
                {
                    "name": "catch",
                    "homepage": "https://www.drupal.org/user/35733"
                },
                {
                    "name": "cilefen",
                    "homepage": "https://www.drupal.org/user/1850070"
                },
                {
                    "name": "drumm",
                    "homepage": "https://www.drupal.org/user/3064"
                },
                {
                    "name": "effulgentsia",
                    "homepage": "https://www.drupal.org/user/78040"
                },
                {
                    "name": "larowlan",
                    "homepage": "https://www.drupal.org/user/395439"
                },
                {
                    "name": "lauriii",
                    "homepage": "https://www.drupal.org/user/1078742"
                },
                {
                    "name": "plach",
                    "homepage": "https://www.drupal.org/user/183211"
                },
                {
                    "name": "stefan.r",
                    "homepage": "https://www.drupal.org/user/551886"
                },
                {
                    "name": "webchick",
                    "homepage": "https://www.drupal.org/user/24967"
                },
                {
                    "name": "xjm",
                    "homepage": "https://www.drupal.org/user/65776"
                },
                {
                    "name": "yoroy",
                    "homepage": "https://www.drupal.org/user/41502"
                }
            ],
            "homepage": "https://www.drupal.org/project/drupal",
            "support": {
                "source": "http://cgit.drupalcode.org/drupal"
            }
        },
        {
            "name": "drupal/eck",
            "version": "2.0.0-rc9",
            "source": {
                "type": "git",
                "url": "https://git.drupal.org/project/eck",
                "reference": "7.x-2.0-rc9"
            },
            "dist": {
                "type": "zip",
                "url": "https://ftp.drupal.org/files/projects/eck-7.x-2.0-rc9.zip",
                "reference": "7.x-2.0-rc9",
                "shasum": "0f7af85fa721aa8cbe3d3b9948bb65419e51e99e"
            },
            "require": {
                "drupal/ctools": "*",
                "drupal/drupal": "~7.0",
                "drupal/entity": "*"
            },
            "require-dev": {
                "drupal/entitycache": "*",
                "drupal/services": "*"
            },
            "type": "drupal-module",
            "extra": {
                "branch-alias": {
                    "dev-2.x": "2.x-dev"
                },
                "drupal": {
                    "version": "7.x-2.0-rc9",
                    "datestamp": "1483524242",
                    "security-coverage": {
                        "status": "not-covered",
                        "message": "Project has not opted into security advisory coverage!"
                    }
                }
            },
            "notification-url": "https://packages.drupal.org/7/downloads",
            "license": [
                "GPL-2.0-or-later"
            ],
            "authors": [
                {
                    "name": "Matroskeen",
                    "homepage": "https://www.drupal.org/user/3426249"
                },
                {
                    "name": "acrazyanimal",
                    "homepage": "https://www.drupal.org/user/696648"
                },
                {
                    "name": "akalata",
                    "homepage": "https://www.drupal.org/user/498926"
                },
                {
                    "name": "dpopdan",
                    "homepage": "https://www.drupal.org/user/2759811"
                },
                {
                    "name": "eric.napier",
                    "homepage": "https://www.drupal.org/user/501688"
                },
                {
                    "name": "fmizzell",
                    "homepage": "https://www.drupal.org/user/1312210"
                },
                {
                    "name": "legolasbo",
                    "homepage": "https://www.drupal.org/user/2480548"
                },
                {
                    "name": "mducharme",
                    "homepage": "https://www.drupal.org/user/616996"
                },
                {
                    "name": "mihai_brb",
                    "homepage": "https://www.drupal.org/user/2065978"
                },
                {
                    "name": "pifagor",
                    "homepage": "https://www.drupal.org/user/2375692"
                },
                {
                    "name": "wjaspers",
                    "homepage": "https://www.drupal.org/user/813890"
                }
            ],
            "description": "ECK (Entity Construction Kit) Allows users to create and administer entity types, bundles, and entities from an easy to use UI",
            "homepage": "https://www.drupal.org/project/eck",
            "support": {
                "source": "http://cgit.drupalcode.org/eck"
            }
        },
        {
            "name": "drupal/entity",
            "version": "1.9.0",
            "source": {
                "type": "git",
                "url": "https://git.drupal.org/project/entity",
                "reference": "7.x-1.9"
            },
            "dist": {
                "type": "zip",
                "url": "https://ftp.drupal.org/files/projects/entity-7.x-1.9.zip",
                "reference": "7.x-1.9",
                "shasum": "23ab633d65e04f4646fc904ef89c019e5ff7b90d"
            },
            "require": {
                "drupal/drupal": "~7.0"
            },
            "type": "drupal-module",
            "extra": {
                "branch-alias": {
                    "dev-1.x": "1.x-dev"
                },
                "drupal": {
                    "version": "7.x-1.9",
                    "datestamp": "1518642010",
                    "security-coverage": {
                        "status": "covered",
                        "message": "Covered by Drupal's security advisory policy"
                    }
                }
            },
            "notification-url": "https://packages.drupal.org/7/downloads",
            "license": [
                "GPL-2.0-or-later"
            ],
            "authors": [
                {
                    "name": "Berdir",
                    "homepage": "https://www.drupal.org/user/214652"
                },
                {
                    "name": "bojanz",
                    "homepage": "https://www.drupal.org/user/86106"
                },
                {
                    "name": "dawehner",
                    "homepage": "https://www.drupal.org/user/99340"
                },
                {
                    "name": "dixon_",
                    "homepage": "https://www.drupal.org/user/239911"
                },
                {
                    "name": "fago",
                    "homepage": "https://www.drupal.org/user/16747"
                }
            ],
            "description": "Enables modules to work with any entity type and to provide entities.",
            "homepage": "https://www.drupal.org/project/entity",
            "support": {
                "source": "http://cgit.drupalcode.org/entity"
            }
        },
        {
            "name": "drupal/features",
            "version": "2.6.0",
            "source": {
                "type": "git",
                "url": "https://git.drupal.org/project/features",
                "reference": "7.x-2.6"
            },
            "dist": {
                "type": "zip",
                "url": "https://ftp.drupal.org/files/projects/features-7.x-2.6.zip",
                "reference": "7.x-2.6",
                "shasum": "3f1a482e4702f4a59357715ef5581d7d2eeac5e4"
            },
            "require": {
                "drupal/drupal": "~7.0"
            },
            "type": "drupal-module",
            "extra": {
                "branch-alias": {
                    "dev-2.x": "2.x-dev"
                },
                "drupal": {
                    "version": "7.x-2.6",
                    "datestamp": "1460571185",
                    "security-coverage": {
                        "status": "covered",
                        "message": "Covered by Drupal's security advisory policy"
                    }
                }
            },
            "notification-url": "https://packages.drupal.org/7/downloads",
            "license": [
                "GPL-2.0-or-later"
            ],
            "authors": [
                {
                    "name": "dawehner",
                    "homepage": "https://www.drupal.org/user/99340"
                },
                {
                    "name": "e2thex",
                    "homepage": "https://www.drupal.org/user/189123"
                },
                {
                    "name": "febbraro",
                    "homepage": "https://www.drupal.org/user/43670"
                },
                {
                    "name": "jmiccolis",
                    "homepage": "https://www.drupal.org/user/31731"
                },
                {
                    "name": "mpotter",
                    "homepage": "https://www.drupal.org/user/616192"
                },
                {
                    "name": "nedjo",
                    "homepage": "https://www.drupal.org/user/4481"
                },
                {
                    "name": "tim.plunkett",
                    "homepage": "https://www.drupal.org/user/241634"
                }
            ],
            "description": "Provides feature management for Drupal.",
            "homepage": "https://www.drupal.org/project/features",
            "support": {
                "source": "http://cgit.drupalcode.org/features"
            }
        },
        {
            "name": "fxp/composer-asset-plugin",
            "version": "v1.4.2",
            "source": {
                "type": "git",
                "url": "https://github.com/fxpio/composer-asset-plugin.git",
                "reference": "61352d99940d2b2392a5d2db83b8c0ef5faf222a"
            },
            "dist": {
                "type": "zip",
                "url": "https://api.github.com/repos/fxpio/composer-asset-plugin/zipball/61352d99940d2b2392a5d2db83b8c0ef5faf222a",
                "reference": "61352d99940d2b2392a5d2db83b8c0ef5faf222a",
                "shasum": ""
            },
            "require": {
                "composer-plugin-api": "^1.0",
                "php": ">=5.3.3"
            },
            "require-dev": {
                "composer/composer": "^1.4.0"
            },
            "type": "composer-plugin",
            "extra": {
                "class": "Fxp\\Composer\\AssetPlugin\\FxpAssetPlugin",
                "branch-alias": {
                    "dev-master": "1.4-dev"
                }
            },
            "autoload": {
                "psr-4": {
                    "Fxp\\Composer\\AssetPlugin\\": ""
                },
                "exclude-from-classmap": [
                    "/Tests/"
                ]
            },
            "notification-url": "https://packagist.org/downloads/",
            "license": [
                "MIT"
            ],
            "authors": [
                {
                    "name": "François Pluchino",
                    "email": "francois.pluchino@gmail.com"
                }
            ],
            "description": "NPM/Bower Dependency Manager for Composer",
            "homepage": "https://github.com/fxpio/composer-asset-plugin",
            "keywords": [
                "asset",
                "bower",
                "composer",
                "dependency manager",
                "nodejs",
                "npm",
                "package"
            ],
            "time": "2017-10-20T06:53:56+00:00"
        }
    ],
    "packages-dev": [],
    "aliases": [],
    "minimum-stability": "stable",
    "stability-flags": {
        "drupal/eck": 5,
        "bower-asset/leaflet-map-zoomtogeometries": 20
    },
    "prefer-stable": false,
    "prefer-lowest": false,
    "platform": [],
    "platform-dev": []
}
